
Microsoft Visual Studio Solution File, Format Version 12.00
# Visual Studio Version 17
Project("{8BC9CEB8-8B4A-11D0-8D11-00A0C91BC942}") = "ALL_BUILD", "ALL_BUILD.vcxproj", "{A7340198-6E96-3012-BD5D-073290E09D30}"
	ProjectSection(ProjectDependencies) = postProject
		{8D91072D-F90D-3BB7-A4BC-73250E9D83AF} = {8D91072D-F90D-3BB7-A4BC-73250E9D83AF}
		{8760C540-716F-33B7-9E4E-1CBCF73747B5} = {8760C540-716F-33B7-9E4E-1CBCF73747B5}
	EndProjectSection
EndProject
Project("{8BC9CEB8-8B4A-11D0-8D11-00A0C91BC942}") = "INSTALL", "INSTALL.vcxproj", "{2383ACE6-9FA7-3B62-92D4-D09ABEA3BABE}"
	ProjectSection(ProjectDependencies) = postProject
		{A7340198-6E96-3012-BD5D-073290E09D30} = {A7340198-6E96-3012-BD5D-073290E09D30}
		{8D91072D-F90D-3BB7-A4BC-73250E9D83AF} = {8D91072D-F90D-3BB7-A4BC-73250E9D83AF}
	EndProjectSection
EndProject
Project("{8BC9CEB8-8B4A-11D0-8D11-00A0C91BC942}") = "ZERO_CHECK", "..\\ZERO_CHECK.vcxproj", "{8D91072D-F90D-3BB7-A4BC-73250E9D83AF}"
	ProjectSection(ProjectDependencies) = postProject
	EndProjectSection
EndProject
Project("{8BC9CEB8-8B4A-11D0-8D11-00A0C91BC942}") = "bitsdojo_window_windows_plugin", "..\plugins\bitsdojo_window_windows\bitsdojo_window_windows_plugin.vcxproj", "{62A8ECA1-E3D7-3474-B0C0-C8B5E7083EF8}"
	ProjectSection(ProjectDependencies) = postProject
		{8D91072D-F90D-3BB7-A4BC-73250E9D83AF} = {8D91072D-F90D-3BB7-A4BC-73250E9D83AF}
		{59E6FF40-A930-3DD7-8FF0-AF82D3DA69B3} = {59E6FF40-A930-3DD7-8FF0-AF82D3DA69B3}
		{5E41EA78-7ABF-3DFD-9F3B-A0D396D4C82C} = {5E41EA78-7ABF-3DFD-9F3B-A0D396D4C82C}
	EndProjectSection
EndProject
Project("{8BC9CEB8-8B4A-11D0-8D11-00A0C91BC942}") = "flutter_assemble", "..\flutter\flutter_assemble.vcxproj", "{59E6FF40-A930-3DD7-8FF0-AF82D3DA69B3}"
	ProjectSection(ProjectDependencies) = postProject
		{8D91072D-F90D-3BB7-A4BC-73250E9D83AF} = {8D91072D-F90D-3BB7-A4BC-73250E9D83AF}
	EndProjectSection
EndProject
Project("{8BC9CEB8-8B4A-11D0-8D11-00A0C91BC942}") = "flutter_wrapper_app", "..\flutter\flutter_wrapper_app.vcxproj", "{109FD325-4C7F-325C-9F19-52B2A9D3CBBF}"
	ProjectSection(ProjectDependencies) = postProject
		{8D91072D-F90D-3BB7-A4BC-73250E9D83AF} = {8D91072D-F90D-3BB7-A4BC-73250E9D83AF}
		{59E6FF40-A930-3DD7-8FF0-AF82D3DA69B3} = {59E6FF40-A930-3DD7-8FF0-AF82D3DA69B3}
	EndProjectSection
EndProject
Project("{8BC9CEB8-8B4A-11D0-8D11-00A0C91BC942}") = "flutter_wrapper_plugin", "..\flutter\flutter_wrapper_plugin.vcxproj", "{5E41EA78-7ABF-3DFD-9F3B-A0D396D4C82C}"
	ProjectSection(ProjectDependencies) = postProject
		{8D91072D-F90D-3BB7-A4BC-73250E9D83AF} = {8D91072D-F90D-3BB7-A4BC-73250E9D83AF}
		{59E6FF40-A930-3DD7-8FF0-AF82D3DA69B3} = {59E6FF40-A930-3DD7-8FF0-AF82D3DA69B3}
	EndProjectSection
EndProject
Project("{8BC9CEB8-8B4A-11D0-8D11-00A0C91BC942}") = "ups", "ups.vcxproj", "{8760C540-716F-33B7-9E4E-1CBCF73747B5}"
	ProjectSection(ProjectDependencies) = postProject
		{8D91072D-F90D-3BB7-A4BC-73250E9D83AF} = {8D91072D-F90D-3BB7-A4BC-73250E9D83AF}
		{62A8ECA1-E3D7-3474-B0C0-C8B5E7083EF8} = {62A8ECA1-E3D7-3474-B0C0-C8B5E7083EF8}
		{59E6FF40-A930-3DD7-8FF0-AF82D3DA69B3} = {59E6FF40-A930-3DD7-8FF0-AF82D3DA69B3}
		{109FD325-4C7F-325C-9F19-52B2A9D3CBBF} = {109FD325-4C7F-325C-9F19-52B2A9D3CBBF}
		{5E41EA78-7ABF-3DFD-9F3B-A0D396D4C82C} = {5E41EA78-7ABF-3DFD-9F3B-A0D396D4C82C}
		{6B54C18B-9D87-3D1A-A068-A6D3DEB4CBC0} = {6B54C18B-9D87-3D1A-A068-A6D3DEB4CBC0}
	EndProjectSection
EndProject
Project("{8BC9CEB8-8B4A-11D0-8D11-00A0C91BC942}") = "url_launcher_windows_plugin", "..\plugins\url_launcher_windows\url_launcher_windows_plugin.vcxproj", "{6B54C18B-9D87-3D1A-A068-A6D3DEB4CBC0}"
	ProjectSection(ProjectDependencies) = postProject
		{8D91072D-F90D-3BB7-A4BC-73250E9D83AF} = {8D91072D-F90D-3BB7-A4BC-73250E9D83AF}
		{59E6FF40-A930-3DD7-8FF0-AF82D3DA69B3} = {59E6FF40-A930-3DD7-8FF0-AF82D3DA69B3}
		{5E41EA78-7ABF-3DFD-9F3B-A0D396D4C82C} = {5E41EA78-7ABF-3DFD-9F3B-A0D396D4C82C}
	EndProjectSection
EndProject
Global
	GlobalSection(SolutionConfigurationPlatforms) = preSolution
		Debug|x64 = Debug|x64
		Profile|x64 = Profile|x64
		Release|x64 = Release|x64
	EndGlobalSection
	GlobalSection(ProjectConfigurationPlatforms) = postSolution
		{A7340198-6E96-3012-BD5D-073290E09D30}.Debug|x64.ActiveCfg = Debug|x64
		{A7340198-6E96-3012-BD5D-073290E09D30}.Debug|x64.Build.0 = Debug|x64
		{A7340198-6E96-3012-BD5D-073290E09D30}.Profile|x64.ActiveCfg = Profile|x64
		{A7340198-6E96-3012-BD5D-073290E09D30}.Profile|x64.Build.0 = Profile|x64
		{A7340198-6E96-3012-BD5D-073290E09D30}.Release|x64.ActiveCfg = Release|x64
		{A7340198-6E96-3012-BD5D-073290E09D30}.Release|x64.Build.0 = Release|x64
		{2383ACE6-9FA7-3B62-92D4-D09ABEA3BABE}.Debug|x64.ActiveCfg = Debug|x64
		{2383ACE6-9FA7-3B62-92D4-D09ABEA3BABE}.Profile|x64.ActiveCfg = Profile|x64
		{2383ACE6-9FA7-3B62-92D4-D09ABEA3BABE}.Release|x64.ActiveCfg = Release|x64
		{8D91072D-F90D-3BB7-A4BC-73250E9D83AF}.Debug|x64.ActiveCfg = Debug|x64
		{8D91072D-F90D-3BB7-A4BC-73250E9D83AF}.Debug|x64.Build.0 = Debug|x64
		{8D91072D-F90D-3BB7-A4BC-73250E9D83AF}.Profile|x64.ActiveCfg = Profile|x64
		{8D91072D-F90D-3BB7-A4BC-73250E9D83AF}.Profile|x64.Build.0 = Profile|x64
		{8D91072D-F90D-3BB7-A4BC-73250E9D83AF}.Release|x64.ActiveCfg = Release|x64
		{8D91072D-F90D-3BB7-A4BC-73250E9D83AF}.Release|x64.Build.0 = Release|x64
		{62A8ECA1-E3D7-3474-B0C0-C8B5E7083EF8}.Debug|x64.ActiveCfg = Debug|x64
		{62A8ECA1-E3D7-3474-B0C0-C8B5E7083EF8}.Debug|x64.Build.0 = Debug|x64
		{62A8ECA1-E3D7-3474-B0C0-C8B5E7083EF8}.Profile|x64.ActiveCfg = Profile|x64
		{62A8ECA1-E3D7-3474-B0C0-C8B5E7083EF8}.Profile|x64.Build.0 = Profile|x64
		{62A8ECA1-E3D7-3474-B0C0-C8B5E7083EF8}.Release|x64.ActiveCfg = Release|x64
		{62A8ECA1-E3D7-3474-B0C0-C8B5E7083EF8}.Release|x64.Build.0 = Release|x64
		{59E6FF40-A930-3DD7-8FF0-AF82D3DA69B3}.Debug|x64.ActiveCfg = Debug|x64
		{59E6FF40-A930-3DD7-8FF0-AF82D3DA69B3}.Debug|x64.Build.0 = Debug|x64
		{59E6FF40-A930-3DD7-8FF0-AF82D3DA69B3}.Profile|x64.ActiveCfg = Profile|x64
		{59E6FF40-A930-3DD7-8FF0-AF82D3DA69B3}.Profile|x64.Build.0 = Profile|x64
		{59E6FF40-A930-3DD7-8FF0-AF82D3DA69B3}.Release|x64.ActiveCfg = Release|x64
		{59E6FF40-A930-3DD7-8FF0-AF82D3DA69B3}.Release|x64.Build.0 = Release|x64
		{109FD325-4C7F-325C-9F19-52B2A9D3CBBF}.Debug|x64.ActiveCfg = Debug|x64
		{109FD325-4C7F-325C-9F19-52B2A9D3CBBF}.Debug|x64.Build.0 = Debug|x64
		{109FD325-4C7F-325C-9F19-52B2A9D3CBBF}.Profile|x64.ActiveCfg = Profile|x64
		{109FD325-4C7F-325C-9F19-52B2A9D3CBBF}.Profile|x64.Build.0 = Profile|x64
		{109FD325-4C7F-325C-9F19-52B2A9D3CBBF}.Release|x64.ActiveCfg = Release|x64
		{109FD325-4C7F-325C-9F19-52B2A9D3CBBF}.Release|x64.Build.0 = Release|x64
		{5E41EA78-7ABF-3DFD-9F3B-A0D396D4C82C}.Debug|x64.ActiveCfg = Debug|x64
		{5E41EA78-7ABF-3DFD-9F3B-A0D396D4C82C}.Debug|x64.Build.0 = Debug|x64
		{5E41EA78-7ABF-3DFD-9F3B-A0D396D4C82C}.Profile|x64.ActiveCfg = Profile|x64
		{5E41EA78-7ABF-3DFD-9F3B-A0D396D4C82C}.Profile|x64.Build.0 = Profile|x64
		{5E41EA78-7ABF-3DFD-9F3B-A0D396D4C82C}.Release|x64.ActiveCfg = Release|x64
		{5E41EA78-7ABF-3DFD-9F3B-A0D396D4C82C}.Release|x64.Build.0 = Release|x64
		{8760C540-716F-33B7-9E4E-1CBCF73747B5}.Debug|x64.ActiveCfg = Debug|x64
		{8760C540-716F-33B7-9E4E-1CBCF73747B5}.Debug|x64.Build.0 = Debug|x64
		{8760C540-716F-33B7-9E4E-1CBCF73747B5}.Profile|x64.ActiveCfg = Profile|x64
		{8760C540-716F-33B7-9E4E-1CBCF73747B5}.Profile|x64.Build.0 = Profile|x64
		{8760C540-716F-33B7-9E4E-1CBCF73747B5}.Release|x64.ActiveCfg = Release|x64
		{8760C540-716F-33B7-9E4E-1CBCF73747B5}.Release|x64.Build.0 = Release|x64
		{6B54C18B-9D87-3D1A-A068-A6D3DEB4CBC0}.Debug|x64.ActiveCfg = Debug|x64
		{6B54C18B-9D87-3D1A-A068-A6D3DEB4CBC0}.Debug|x64.Build.0 = Debug|x64
		{6B54C18B-9D87-3D1A-A068-A6D3DEB4CBC0}.Profile|x64.ActiveCfg = Profile|x64
		{6B54C18B-9D87-3D1A-A068-A6D3DEB4CBC0}.Profile|x64.Build.0 = Profile|x64
		{6B54C18B-9D87-3D1A-A068-A6D3DEB4CBC0}.Release|x64.ActiveCfg = Release|x64
		{6B54C18B-9D87-3D1A-A068-A6D3DEB4CBC0}.Release|x64.Build.0 = Release|x64
	EndGlobalSection
	GlobalSection(ExtensibilityGlobals) = postSolution
		SolutionGuid = {60089963-4EFD-393E-B2C3-4F4680418A53}
	EndGlobalSection
	GlobalSection(ExtensibilityAddIns) = postSolution
	EndGlobalSection
EndGlobal
